
Microsoft Visual Studio Solution File, Format Version 12.00
# Visual Studio Version 16
VisualStudioVersion = 16.0.31005.135
MinimumVisualStudioVersion = 10.0.40219.1
Project("{FAE04EC0-301F-11D3-BF4B-00C04F79EFBC}") = "Elastictest", "Elastictest\Elastictest.csproj", "{FA837879-C118-4082-A53F-FBDE0EAAE028}"
EndProject
Global
	GlobalSection(SolutionConfigurationPlatforms) = preSolution
		Debug|Any CPU = Debug|Any CPU
		Release|Any CPU = Release|Any CPU
	EndGlobalSection
	GlobalSection(ProjectConfigurationPlatforms) = postSolution
		{FA837879-C118-4082-A53F-FBDE0EAAE028}.Debug|Any CPU.ActiveCfg = Debug|Any CPU
		{FA837879-C118-4082-A53F-FBDE0EAAE028}.Debug|Any CPU.Build.0 = Debug|Any CPU
		{FA837879-C118-4082-A53F-FBDE0EAAE028}.Release|Any CPU.ActiveCfg = Release|Any CPU
		{FA837879-C118-4082-A53F-FBDE0EAAE028}.Release|Any CPU.Build.0 = Release|Any CPU
	EndGlobalSection
	GlobalSection(SolutionProperties) = preSolution
		HideSolutionNode = FALSE
	EndGlobalSection
	GlobalSection(ExtensibilityGlobals) = postSolution
		SolutionGuid = {C3F0B398-C21E-4A73-AA01-260FDED58B5C}
	EndGlobalSection
EndGlobal
